{
  "requires": true,
  "lockfileVersion": 1,
  "dependencies": {
    "@babel/runtime": {
      "version": "7.12.5",
      "resolved": "https://registry.npmjs.org/@babel/runtime/-/runtime-7.12.5.tgz",
      "integrity": "sha512-plcc+hbExy3McchJCEQG3knOsuh3HH+Prx1P6cLIkET/0dLuQDEnrT+s27Axgc9bqfsmNUNHfscgMUdBpC9xfg==",
      "requires": {
        "regenerator-runtime": "^0.13.4"
      }
    },
    "@material-ui/data-grid": {
      "version": "4.0.0-alpha.18",
      "resolved": "https://registry.npmjs.org/@material-ui/data-grid/-/data-grid-4.0.0-alpha.18.tgz",
      "integrity": "sha512-t4wikroS2s3Aj+zM/mDfG5+8gfF2okUffKRppIqZQVIn+n3K4pAexWC10wqc8ohNFzBEgGzwQjTXEt+Hy2PX0A==",
      "requires": {
        "@material-ui/utils": "^5.0.0-alpha.14",
        "prop-types": "^15.7.2",
        "reselect": "^4.0.0"
      }
    },
    "@material-ui/utils": {
      "version": "5.0.0-alpha.24",
      "resolved": "https://registry.npmjs.org/@material-ui/utils/-/utils-5.0.0-alpha.24.tgz",
      "integrity": "sha512-di0zaQKHiRi6NwPAt/4mRNfUYTa5aWVTqfzTYN/OdnQTGtOLPPFo9Om+uYgkunZIOa3lsahveo6ieH/YgFnJfQ==",
      "requires": {
        "@babel/runtime": "^7.4.4",
        "@types/prop-types": "^15.7.3",
        "@types/react-is": "^16.7.1 || ^17.0.0",
        "prop-types": "^15.7.2",
        "react-is": "^16.8.0 || ^17.0.0"
      }
    },
    "@types/prop-types": {
      "version": "15.7.3",
      "resolved": "https://registry.npmjs.org/@types/prop-types/-/prop-types-15.7.3.tgz",
      "integrity": "sha512-KfRL3PuHmqQLOG+2tGpRO26Ctg+Cq1E01D2DMriKEATHgWLfeNDmq9e29Q9WIky0dQ3NPkd1mzYH8Lm936Z9qw=="
    },
    "@types/react": {
      "version": "17.0.0",
      "resolved": "https://registry.npmjs.org/@types/react/-/react-17.0.0.tgz",
      "integrity": "sha512-aj/L7RIMsRlWML3YB6KZiXB3fV2t41+5RBGYF8z+tAKU43Px8C3cYUZsDvf1/+Bm4FK21QWBrDutu8ZJ/70qOw==",
      "requires": {
        "@types/prop-types": "*",
        "csstype": "^3.0.2"
      }
    },
    "@types/react-is": {
      "version": "17.0.0",
      "resolved": "https://registry.npmjs.org/@types/react-is/-/react-is-17.0.0.tgz",
      "integrity": "sha512-A0DQ1YWZ0RG2+PV7neAotNCIh8gZ3z7tQnDJyS2xRPDNtAtSPcJ9YyfMP8be36Ha0kQRzbZCrrTMznA4blqO5g==",
      "requires": {
        "@types/react": "*"
      }
    },
    "csstype": {
      "version": "3.0.6",
      "resolved": "https://registry.npmjs.org/csstype/-/csstype-3.0.6.tgz",
      "integrity": "sha512-+ZAmfyWMT7TiIlzdqJgjMb7S4f1beorDbWbsocyK4RaiqA5RTX3K14bnBWmmA9QEM0gRdsjyyrEmcyga8Zsxmw=="
    },
    "js-tokens": {
      "version": "4.0.0",
      "resolved": "https://registry.npmjs.org/js-tokens/-/js-tokens-4.0.0.tgz",
      "integrity": "sha512-RdJUflcE3cUzKiMqQgsCu06FPu9UdIJO0beYbPhHN4k6apgJtifcoCtT9bcxOpYBtpD2kCM6Sbzg4CausW/PKQ=="
    },
    "loose-envify": {
      "version": "1.4.0",
      "resolved": "https://registry.npmjs.org/loose-envify/-/loose-envify-1.4.0.tgz",
      "integrity": "sha512-lyuxPGr/Wfhrlem2CL/UcnUc1zcqKAImBDzukY7Y5F/yQiNdko6+fRLevlw1HgMySw7f611UIY408EtxRSoK3Q==",
      "requires": {
        "js-tokens": "^3.0.0 || ^4.0.0"
      }
    },
    "object-assign": {
      "version": "4.1.1",
      "resolved": "https://registry.npmjs.org/object-assign/-/object-assign-4.1.1.tgz",
      "integrity": "sha1-IQmtx5ZYh8/AXLvUQsrIv7s2CGM="
    },
    "prop-types": {
      "version": "15.7.2",
      "resolved": "https://registry.npmjs.org/prop-types/-/prop-types-15.7.2.tgz",
      "integrity": "sha512-8QQikdH7//R2vurIJSutZ1smHYTcLpRWEOlHnzcWHmBYrOGUysKwSsrC89BCiFj3CbrfJ/nXFdJepOVrY1GCHQ==",
      "requires": {
        "loose-envify": "^1.4.0",
        "object-assign": "^4.1.1",
        "react-is": "^16.8.1"
      },
      "dependencies": {
        "react-is": {
          "version": "16.13.1",
          "resolved": "https://registry.npmjs.org/react-is/-/react-is-16.13.1.tgz",
          "integrity": "sha512-24e6ynE2H+OKt4kqsOvNd8kBpV65zoxbA4BVsEOB3ARVWQki/DHzaUoC5KuON/BiccDaCCTZBuOcfZs70kR8bQ=="
        }
      }
    },
    "react-is": {
      "version": "17.0.1",
      "resolved": "https://registry.npmjs.org/react-is/-/react-is-17.0.1.tgz",
      "integrity": "sha512-NAnt2iGDXohE5LI7uBnLnqvLQMtzhkiAOLXTmv+qnF9Ky7xAPcX8Up/xWIhxvLVGJvuLiNc4xQLtuqDRzb4fSA=="
    },
    "regenerator-runtime": {
      "version": "0.13.7",
      "resolved": "https://registry.npmjs.org/regenerator-runtime/-/regenerator-runtime-0.13.7.tgz",
      "integrity": "sha512-a54FxoJDIr27pgf7IgeQGxmqUNYrcV338lf/6gH456HZ/PhX+5BcwHXG9ajESmwe6WRO0tAzRUrRmNONWgkrew=="
    },
    "reselect": {
      "version": "4.0.0",
      "resolved": "https://registry.npmjs.org/reselect/-/reselect-4.0.0.tgz",
      "integrity": "sha512-qUgANli03jjAyGlnbYVAV5vvnOmJnODyABz51RdBN7M4WaVu8mecZWgyQNkG8Yqe3KRGRt0l4K4B3XVEULC4CA=="
    }
  }
}
